
Microsoft Visual Studio Solution File, Format Version 12.00
# Visual Studio Version 16
VisualStudioVersion = 16.0.30002.166
MinimumVisualStudioVersion = 10.0.40219.1
Project("{9A19103F-16F7-4668-BE54-9A1E7A4F7556}") = "ProductivityTools.TrainingLog.Endomondo.Cmdlet", "ProductivityTools.TrainingLog.Endomondo\ProductivityTools.TrainingLog.Endomondo.Cmdlet.csproj", "{15B89330-F67E-4DA0-BEE4-1634A8E94700}"
EndProject
Global
	GlobalSection(SolutionConfigurationPlatforms) = preSolution
		Debug|Any CPU = Debug|Any CPU
		Release|Any CPU = Release|Any CPU
	EndGlobalSection
	GlobalSection(ProjectConfigurationPlatforms) = postSolution
		{15B89330-F67E-4DA0-BEE4-1634A8E94700}.Debug|Any CPU.ActiveCfg = Debug|Any CPU
		{15B89330-F67E-4DA0-BEE4-1634A8E94700}.Debug|Any CPU.Build.0 = Debug|Any CPU
		{15B89330-F67E-4DA0-BEE4-1634A8E94700}.Release|Any CPU.ActiveCfg = Release|Any CPU
		{15B89330-F67E-4DA0-BEE4-1634A8E94700}.Release|Any CPU.Build.0 = Release|Any CPU
	EndGlobalSection
	GlobalSection(SolutionProperties) = preSolution
		HideSolutionNode = FALSE
	EndGlobalSection
	GlobalSection(ExtensibilityGlobals) = postSolution
		SolutionGuid = {B6E2280D-0164-4016-8C17-3948DE43FE40}
	EndGlobalSection
EndGlobal
